
Microsoft Visual Studio Solution File, Format Version 12.00
# Visual Studio Version 17
VisualStudioVersion = 17.5.002.0
MinimumVisualStudioVersion = 10.0.40219.1
Project("{9A19103F-16F7-4668-BE54-9A1E7A4F7556}") = "Practica", "Practica.csproj", "{C634FB0B-70B2-4FC1-A70C-F8DACF12F04D}"
EndProject
Global
	GlobalSection(SolutionConfigurationPlatforms) = preSolution
		Debug|Any CPU = Debug|Any CPU
		Release|Any CPU = Release|Any CPU
	EndGlobalSection
	GlobalSection(ProjectConfigurationPlatforms) = postSolution
		{C634FB0B-70B2-4FC1-A70C-F8DACF12F04D}.Debug|Any CPU.ActiveCfg = Debug|Any CPU
		{C634FB0B-70B2-4FC1-A70C-F8DACF12F04D}.Debug|Any CPU.Build.0 = Debug|Any CPU
		{C634FB0B-70B2-4FC1-A70C-F8DACF12F04D}.Release|Any CPU.ActiveCfg = Release|Any CPU
		{C634FB0B-70B2-4FC1-A70C-F8DACF12F04D}.Release|Any CPU.Build.0 = Release|Any CPU
	EndGlobalSection
	GlobalSection(SolutionProperties) = preSolution
		HideSolutionNode = FALSE
	EndGlobalSection
	GlobalSection(ExtensibilityGlobals) = postSolution
		SolutionGuid = {DC7C8BCC-C63C-46A2-8E77-330F05E2DAB6}
	EndGlobalSection
EndGlobal
